// !$*UTF8*$!
{
	archiveVersion = 1;
	classes = {
	};
	objectVersion = 56;
	objects = {

/* Begin PBXBuildFile section */
		60E1D09F291F63790023C361 /* AppDelegate.swift in Sources */ = {isa = PBXBuildFile; fileRef = 60E1D09E291F63790023C361 /* AppDelegate.swift */; };
		60E1D0A1291F63790023C361 /* SceneDelegate.swift in Sources */ = {isa = PBXBuildFile; fileRef = 60E1D0A0291F63790023C361 /* SceneDelegate.swift */; };
		60E1D0A3291F63790023C361 /* ConversationViewController.swift in Sources */ = {isa = PBXBuildFile; fileRef = 60E1D0A2291F63790023C361 /* ConversationViewController.swift */; };
		60E1D0A6291F63790023C361 /* Main.storyboard in Resources */ = {isa = PBXBuildFile; fileRef = 60E1D0A4291F63790023C361 /* Main.storyboard */; };
		60E1D0A8291F637B0023C361 /* Assets.xcassets in Resources */ = {isa = PBXBuildFile; fileRef = 60E1D0A7291F637B0023C361 /* Assets.xcassets */; };
		60E1D0AB291F637B0023C361 /* LaunchScreen.storyboard in Resources */ = {isa = PBXBuildFile; fileRef = 60E1D0A9291F637B0023C361 /* LaunchScreen.storyboard */; };
		60F7A39B291F691D00A7E4E3 /* LoginViewController.swift in Sources */ = {isa = PBXBuildFile; fileRef = 60F7A39A291F691D00A7E4E3 /* LoginViewController.swift */; };
		60F7A39D291F692B00A7E4E3 /* RegisterViewController.swift in Sources */ = {isa = PBXBuildFile; fileRef = 60F7A39C291F692B00A7E4E3 /* RegisterViewController.swift */; };
		60F7A39F291F695000A7E4E3 /* ProfileViewController.swift in Sources */ = {isa = PBXBuildFile; fileRef = 60F7A39E291F695000A7E4E3 /* ProfileViewController.swift */; };
		60F7A3A1291F696100A7E4E3 /* NewConversationViewController.swift in Sources */ = {isa = PBXBuildFile; fileRef = 60F7A3A0291F696100A7E4E3 /* NewConversationViewController.swift */; };
		60F7A3A3291F697500A7E4E3 /* VideoPlayerViewController.swift in Sources */ = {isa = PBXBuildFile; fileRef = 60F7A3A2291F697500A7E4E3 /* VideoPlayerViewController.swift */; };
		60F7A3A5291F699900A7E4E3 /* PhotoViewerViewController.swift in Sources */ = {isa = PBXBuildFile; fileRef = 60F7A3A4291F699900A7E4E3 /* PhotoViewerViewController.swift */; };
		60F7A3A7291F72EF00A7E4E3 /* Extensions.swift in Sources */ = {isa = PBXBuildFile; fileRef = 60F7A3A6291F72EF00A7E4E3 /* Extensions.swift */; };
		60F7A3A9291FFD5000A7E4E3 /* GoogleService-Info.plist in Resources */ = {isa = PBXBuildFile; fileRef = 60F7A3A8291FFD5000A7E4E3 /* GoogleService-Info.plist */; };
		F60E661512E817950D3BD2D5 /* Pods_Swift_FCA_Messenger.framework in Frameworks */ = {isa = PBXBuildFile; fileRef = 9D8AB48915B680F30EE91B3A /* Pods_Swift_FCA_Messenger.framework */; };
/* End PBXBuildFile section */

/* Begin PBXFileReference section */
		2A176AC5F37A58CBC4BC3145 /* Pods-Swift FCA Messenger.release.xcconfig */ = {isa = PBXFileReference; includeInIndex = 1; lastKnownFileType = text.xcconfig; name = "Pods-Swift FCA Messenger.release.xcconfig"; path = "Target Support Files/Pods-Swift FCA Messenger/Pods-Swift FCA Messenger.release.xcconfig"; sourceTree = "<group>"; };
		3A3A105C541AA4EB61123D67 /* Pods-Swift FCA Messenger.debug.xcconfig */ = {isa = PBXFileReference; includeInIndex = 1; lastKnownFileType = text.xcconfig; name = "Pods-Swift FCA Messenger.debug.xcconfig"; path = "Target Support Files/Pods-Swift FCA Messenger/Pods-Swift FCA Messenger.debug.xcconfig"; sourceTree = "<group>"; };
		60E1D09B291F63790023C361 /* Swift FCA Messenger.app */ = {isa = PBXFileReference; explicitFileType = wrapper.application; includeInIndex = 0; path = "Swift FCA Messenger.app"; sourceTree = BUILT_PRODUCTS_DIR; };
		60E1D09E291F63790023C361 /* AppDelegate.swift */ = {isa = PBXFileReference; lastKnownFileType = sourcecode.swift; path = AppDelegate.swift; sourceTree = "<group>"; };
		60E1D0A0291F63790023C361 /* SceneDelegate.swift */ = {isa = PBXFileReference; lastKnownFileType = sourcecode.swift; path = SceneDelegate.swift; sourceTree = "<group>"; };
		60E1D0A2291F63790023C361 /* ConversationViewController.swift */ = {isa = PBXFileReference; lastKnownFileType = sourcecode.swift; path = ConversationViewController.swift; sourceTree = "<group>"; };
		60E1D0A5291F63790023C361 /* Base */ = {isa = PBXFileReference; lastKnownFileType = file.storyboard; name = Base; path = Base.lproj/Main.storyboard; sourceTree = "<group>"; };
		60E1D0A7291F637B0023C361 /* Assets.xcassets */ = {isa = PBXFileReference; lastKnownFileType = folder.assetcatalog; path = Assets.xcassets; sourceTree = "<group>"; };
		60E1D0AA291F637B0023C361 /* Base */ = {isa = PBXFileReference; lastKnownFileType = file.storyboard; name = Base; path = Base.lproj/LaunchScreen.storyboard; sourceTree = "<group>"; };
		60E1D0AC291F637B0023C361 /* Info.plist */ = {isa = PBXFileReference; lastKnownFileType = text.plist.xml; path = Info.plist; sourceTree = "<group>"; };
		60F7A39A291F691D00A7E4E3 /* LoginViewController.swift */ = {isa = PBXFileReference; lastKnownFileType = sourcecode.swift; path = LoginViewController.swift; sourceTree = "<group>"; };
		60F7A39C291F692B00A7E4E3 /* RegisterViewController.swift */ = {isa = PBXFileReference; lastKnownFileType = sourcecode.swift; path = RegisterViewController.swift; sourceTree = "<group>"; };
		60F7A39E291F695000A7E4E3 /* ProfileViewController.swift */ = {isa = PBXFileReference; lastKnownFileType = sourcecode.swift; path = ProfileViewController.swift; sourceTree = "<group>"; };
		60F7A3A0291F696100A7E4E3 /* NewConversationViewController.swift */ = {isa = PBXFileReference; lastKnownFileType = sourcecode.swift; path = NewConversationViewController.swift; sourceTree = "<group>"; };
		60F7A3A2291F697500A7E4E3 /* VideoPlayerViewController.swift */ = {isa = PBXFileReference; lastKnownFileType = sourcecode.swift; path = VideoPlayerViewController.swift; sourceTree = "<group>"; };
		60F7A3A4291F699900A7E4E3 /* PhotoViewerViewController.swift */ = {isa = PBXFileReference; lastKnownFileType = sourcecode.swift; path = PhotoViewerViewController.swift; sourceTree = "<group>"; };
		60F7A3A6291F72EF00A7E4E3 /* Extensions.swift */ = {isa = PBXFileReference; lastKnownFileType = sourcecode.swift; path = Extensions.swift; sourceTree = "<group>"; };
		60F7A3A8291FFD5000A7E4E3 /* GoogleService-Info.plist */ = {isa = PBXFileReference; fileEncoding = 4; lastKnownFileType = text.plist.xml; path = "GoogleService-Info.plist"; sourceTree = "<group>"; };
		9D8AB48915B680F30EE91B3A /* Pods_Swift_FCA_Messenger.framework */ = {isa = PBXFileReference; explicitFileType = wrapper.framework; includeInIndex = 0; path = Pods_Swift_FCA_Messenger.framework; sourceTree = BUILT_PRODUCTS_DIR; };
/* End PBXFileReference section */

/* Begin PBXFrameworksBuildPhase section */
		60E1D098291F63790023C361 /* Frameworks */ = {
			isa = PBXFrameworksBuildPhase;
			buildActionMask = 2147483647;
			files = (
				F60E661512E817950D3BD2D5 /* Pods_Swift_FCA_Messenger.framework in Frameworks */,
			);
			runOnlyForDeploymentPostprocessing = 0;
		};
/* End PBXFrameworksBuildPhase section */

/* Begin PBXGroup section */
		3769367D25435767843AD803 /* Frameworks */ = {
			isa = PBXGroup;
			children = (
				9D8AB48915B680F30EE91B3A /* Pods_Swift_FCA_Messenger.framework */,
			);
			name = Frameworks;
			sourceTree = "<group>";
		};
		60E1D092291F63790023C361 = {
			isa = PBXGroup;
			children = (
				60E1D09D291F63790023C361 /* Swift FCA Messenger */,
				60E1D09C291F63790023C361 /* Products */,
				F5C8FDE6E3F3DFB46B551E4C /* Pods */,
				3769367D25435767843AD803 /* Frameworks */,
			);
			sourceTree = "<group>";
		};
		60E1D09C291F63790023C361 /* Products */ = {
			isa = PBXGroup;
			children = (
				60E1D09B291F63790023C361 /* Swift FCA Messenger.app */,
			);
			name = Products;
			sourceTree = "<group>";
		};
		60E1D09D291F63790023C361 /* Swift FCA Messenger */ = {
			isa = PBXGroup;
			children = (
				60F7A3A8291FFD5000A7E4E3 /* GoogleService-Info.plist */,
				60F7A397291F678000A7E4E3 /* Views */,
				60F7A396291F677100A7E4E3 /* ViewModels */,
				60F7A395291F676700A7E4E3 /* Controllers */,
				60F7A394291F676000A7E4E3 /* Models */,
				60F7A392291F674800A7E4E3 /* Resources */,
				60E1D0AC291F637B0023C361 /* Info.plist */,
			);
			path = "Swift FCA Messenger";
			sourceTree = "<group>";
		};
		60F7A392291F674800A7E4E3 /* Resources */ = {
			isa = PBXGroup;
			children = (
				60E1D09E291F63790023C361 /* AppDelegate.swift */,
				60E1D0A0291F63790023C361 /* SceneDelegate.swift */,
				60F7A3A6291F72EF00A7E4E3 /* Extensions.swift */,
			);
			path = Resources;
			sourceTree = "<group>";
		};
		60F7A394291F676000A7E4E3 /* Models */ = {
			isa = PBXGroup;
			children = (
			);
			path = Models;
			sourceTree = "<group>";
		};
		60F7A395291F676700A7E4E3 /* Controllers */ = {
			isa = PBXGroup;
			children = (
				60F7A399291F690C00A7E4E3 /* Auth */,
				60E1D0A2291F63790023C361 /* ConversationViewController.swift */,
				60F7A39E291F695000A7E4E3 /* ProfileViewController.swift */,
				60F7A3A0291F696100A7E4E3 /* NewConversationViewController.swift */,
				60F7A3A2291F697500A7E4E3 /* VideoPlayerViewController.swift */,
				60F7A3A4291F699900A7E4E3 /* PhotoViewerViewController.swift */,
			);
			path = Controllers;
			sourceTree = "<group>";
		};
		60F7A396291F677100A7E4E3 /* ViewModels */ = {
			isa = PBXGroup;
			children = (
			);
			path = ViewModels;
			sourceTree = "<group>";
		};
		60F7A397291F678000A7E4E3 /* Views */ = {
			isa = PBXGroup;
			children = (
				60F7A398291F686600A7E4E3 /* Storyboards */,
				60E1D0A7291F637B0023C361 /* Assets.xcassets */,
			);
			path = Views;
			sourceTree = "<group>";
		};
		60F7A398291F686600A7E4E3 /* Storyboards */ = {
			isa = PBXGroup;
			children = (
				60E1D0A4291F63790023C361 /* Main.storyboard */,
				60E1D0A9291F637B0023C361 /* LaunchScreen.storyboard */,
			);
			path = Storyboards;
			sourceTree = "<group>";
		};
		60F7A399291F690C00A7E4E3 /* Auth */ = {
			isa = PBXGroup;
			children = (
				60F7A39A291F691D00A7E4E3 /* LoginViewController.swift */,
				60F7A39C291F692B00A7E4E3 /* RegisterViewController.swift */,
			);
			path = Auth;
			sourceTree = "<group>";
		};
		F5C8FDE6E3F3DFB46B551E4C /* Pods */ = {
			isa = PBXGroup;
			children = (
				3A3A105C541AA4EB61123D67 /* Pods-Swift FCA Messenger.debug.xcconfig */,
				2A176AC5F37A58CBC4BC3145 /* Pods-Swift FCA Messenger.release.xcconfig */,
			);
			path = Pods;
			sourceTree = "<group>";
		};
/* End PBXGroup section */

/* Begin PBXNativeTarget section */
		60E1D09A291F63790023C361 /* Swift FCA Messenger */ = {
			isa = PBXNativeTarget;
			buildConfigurationList = 60E1D0AF291F637B0023C361 /* Build configuration list for PBXNativeTarget "Swift FCA Messenger" */;
			buildPhases = (
				A36F896CFB71599923C5F6B0 /* [CP] Check Pods Manifest.lock */,
				60E1D097291F63790023C361 /* Sources */,
				60E1D098291F63790023C361 /* Frameworks */,
				60E1D099291F63790023C361 /* Resources */,
				DCB27C98817FE4DFE23FC48B /* [CP] Embed Pods Frameworks */,
			);
			buildRules = (
			);
			dependencies = (
			);
			name = "Swift FCA Messenger";
			productName = "Swift FCA Messenger";
			productReference = 60E1D09B291F63790023C361 /* Swift FCA Messenger.app */;
			productType = "com.apple.product-type.application";
		};
/* End PBXNativeTarget section */

/* Begin PBXProject section */
		60E1D093291F63790023C361 /* Project object */ = {
			isa = PBXProject;
			attributes = {
				BuildIndependentTargetsInParallel = 1;
				LastSwiftUpdateCheck = 1400;
				LastUpgradeCheck = 1400;
				TargetAttributes = {
					60E1D09A291F63790023C361 = {
						CreatedOnToolsVersion = 14.0.1;
					};
				};
			};
			buildConfigurationList = 60E1D096291F63790023C361 /* Build configuration list for PBXProject "Swift FCA Messenger" */;
			compatibilityVersion = "Xcode 14.0";
			developmentRegion = en;
			hasScannedForEncodings = 0;
			knownRegions = (
				en,
				Base,
			);
			mainGroup = 60E1D092291F63790023C361;
			productRefGroup = 60E1D09C291F63790023C361 /* Products */;
			projectDirPath = "";
			projectRoot = "";
			targets = (
				60E1D09A291F63790023C361 /* Swift FCA Messenger */,
			);
		};
/* End PBXProject section */

/* Begin PBXResourcesBuildPhase section */
		60E1D099291F63790023C361 /* Resources */ = {
			isa = PBXResourcesBuildPhase;
			buildActionMask = 2147483647;
			files = (
				60E1D0AB291F637B0023C361 /* LaunchScreen.storyboard in Resources */,
				60F7A3A9291FFD5000A7E4E3 /* GoogleService-Info.plist in Resources */,
				60E1D0A8291F637B0023C361 /* Assets.xcassets in Resources */,
				60E1D0A6291F63790023C361 /* Main.storyboard in Resources */,
			);
			runOnlyForDeploymentPostprocessing = 0;
		};
/* End PBXResourcesBuildPhase section */

/* Begin PBXShellScriptBuildPhase section */
		A36F896CFB71599923C5F6B0 /* [CP] Check Pods Manifest.lock */ = {
			isa = PBXShellScriptBuildPhase;
			buildActionMask = 2147483647;
			files = (
			);
			inputFileListPaths = (
			);
			inputPaths = (
				"${PODS_PODFILE_DIR_PATH}/Podfile.lock",
				"${PODS_ROOT}/Manifest.lock",
			);
			name = "[CP] Check Pods Manifest.lock";
			outputFileListPaths = (
			);
			outputPaths = (
				"$(DERIVED_FILE_DIR)/Pods-Swift FCA Messenger-checkManifestLockResult.txt",
			);
			runOnlyForDeploymentPostprocessing = 0;
			shellPath = /bin/sh;
			shellScript = "diff \"${PODS_PODFILE_DIR_PATH}/Podfile.lock\" \"${PODS_ROOT}/Manifest.lock\" > /dev/null\nif [ $? != 0 ] ; then\n    # print error to STDERR\n    echo \"error: The sandbox is not in sync with the Podfile.lock. Run 'pod install' or update your CocoaPods installation.\" >&2\n    exit 1\nfi\n# This output is used by Xcode 'outputs' to avoid re-running this script phase.\necho \"SUCCESS\" > \"${SCRIPT_OUTPUT_FILE_0}\"\n";
			showEnvVarsInLog = 0;
		};
		DCB27C98817FE4DFE23FC48B /* [CP] Embed Pods Frameworks */ = {
			isa = PBXShellScriptBuildPhase;
			buildActionMask = 2147483647;
			files = (
			);
			inputFileListPaths = (
				"${PODS_ROOT}/Target Support Files/Pods-Swift FCA Messenger/Pods-Swift FCA Messenger-frameworks-${CONFIGURATION}-input-files.xcfilelist",
			);
			name = "[CP] Embed Pods Frameworks";
			outputFileListPaths = (
				"${PODS_ROOT}/Target Support Files/Pods-Swift FCA Messenger/Pods-Swift FCA Messenger-frameworks-${CONFIGURATION}-output-files.xcfilelist",
			);
			runOnlyForDeploymentPostprocessing = 0;
			shellPath = /bin/sh;
			shellScript = "\"${PODS_ROOT}/Target Support Files/Pods-Swift FCA Messenger/Pods-Swift FCA Messenger-frameworks.sh\"\n";
			showEnvVarsInLog = 0;
		};
/* End PBXShellScriptBuildPhase section */

/* Begin PBXSourcesBuildPhase section */
		60E1D097291F63790023C361 /* Sources */ = {
			isa = PBXSourcesBuildPhase;
			buildActionMask = 2147483647;
			files = (
				60F7A39F291F695000A7E4E3 /* ProfileViewController.swift in Sources */,
				60F7A3A1291F696100A7E4E3 /* NewConversationViewController.swift in Sources */,
				60F7A39B291F691D00A7E4E3 /* LoginViewController.swift in Sources */,
				60F7A39D291F692B00A7E4E3 /* RegisterViewController.swift in Sources */,
				60E1D0A3291F63790023C361 /* ConversationViewController.swift in Sources */,
				60F7A3A7291F72EF00A7E4E3 /* Extensions.swift in Sources */,
				60F7A3A3291F697500A7E4E3 /* VideoPlayerViewController.swift in Sources */,
				60E1D09F291F63790023C361 /* AppDelegate.swift in Sources */,
				60E1D0A1291F63790023C361 /* SceneDelegate.swift in Sources */,
				60F7A3A5291F699900A7E4E3 /* PhotoViewerViewController.swift in Sources */,
			);
			runOnlyForDeploymentPostprocessing = 0;
		};
/* End PBXSourcesBuildPhase section */

/* Begin PBXVariantGroup section */
		60E1D0A4291F63790023C361 /* Main.storyboard */ = {
			isa = PBXVariantGroup;
			children = (
				60E1D0A5291F63790023C361 /* Base */,
			);
			name = Main.storyboard;
			sourceTree = "<group>";
		};
		60E1D0A9291F637B0023C361 /* LaunchScreen.storyboard */ = {
			isa = PBXVariantGroup;
			children = (
				60E1D0AA291F637B0023C361 /* Base */,
			);
			name = LaunchScreen.storyboard;
			sourceTree = "<group>";
		};
/* End PBXVariantGroup section */

/* Begin XCBuildConfiguration section */
		60E1D0AD291F637B0023C361 /* Debug */ = {
			isa = XCBuildConfiguration;
			buildSettings = {
				ALWAYS_SEARCH_USER_PATHS = NO;
				CLANG_ANALYZER_NONNULL = YES;
				CLANG_ANALYZER_NUMBER_OBJECT_CONVERSION = YES_AGGRESSIVE;
				CLANG_CXX_LANGUAGE_STANDARD = "gnu++20";
				CLANG_ENABLE_MODULES = YES;
				CLANG_ENABLE_OBJC_ARC = YES;
				CLANG_ENABLE_OBJC_WEAK = YES;
				CLANG_WARN_BLOCK_CAPTURE_AUTORELEASING = YES;
				CLANG_WARN_BOOL_CONVERSION = YES;
				CLANG_WARN_COMMA = YES;
				CLANG_WARN_CONSTANT_CONVERSION = YES;
				CLANG_WARN_DEPRECATED_OBJC_IMPLEMENTATIONS = YES;
				CLANG_WARN_DIRECT_OBJC_ISA_USAGE = YES_ERROR;
				CLANG_WARN_DOCUMENTATION_COMMENTS = YES;
				CLANG_WARN_EMPTY_BODY = YES;
				CLANG_WARN_ENUM_CONVERSION = YES;
				CLANG_WARN_INFINITE_RECURSION = YES;
				CLANG_WARN_INT_CONVERSION = YES;
				CLANG_WARN_NON_LITERAL_NULL_CONVERSION = YES;
				CLANG_WARN_OBJC_IMPLICIT_RETAIN_SELF = YES;
				CLANG_WARN_OBJC_LITERAL_CONVERSION = YES;
				CLANG_WARN_OBJC_ROOT_CLASS = YES_ERROR;
				CLANG_WARN_QUOTED_INCLUDE_IN_FRAMEWORK_HEADER = YES;
				CLANG_WARN_RANGE_LOOP_ANALYSIS = YES;
				CLANG_WARN_STRICT_PROTOTYPES = YES;
				CLANG_WARN_SUSPICIOUS_MOVE = YES;
				CLANG_WARN_UNGUARDED_AVAILABILITY = YES_AGGRESSIVE;
				CLANG_WARN_UNREACHABLE_CODE = YES;
				CLANG_WARN__DUPLICATE_METHOD_MATCH = YES;
				COPY_PHASE_STRIP = NO;
				DEBUG_INFORMATION_FORMAT = dwarf;
				ENABLE_STRICT_OBJC_MSGSEND = YES;
				ENABLE_TESTABILITY = YES;
				GCC_C_LANGUAGE_STANDARD = gnu11;
				GCC_DYNAMIC_NO_PIC = NO;
				GCC_NO_COMMON_BLOCKS = YES;
				GCC_OPTIMIZATION_LEVEL = 0;
				GCC_PREPROCESSOR_DEFINITIONS = (
					"DEBUG=1",
					"$(inherited)",
				);
				GCC_WARN_64_TO_32_BIT_CONVERSION = YES;
				GCC_WARN_ABOUT_RETURN_TYPE = YES_ERROR;
				GCC_WARN_UNDECLARED_SELECTOR = YES;
				GCC_WARN_UNINITIALIZED_AUTOS = YES_AGGRESSIVE;
				GCC_WARN_UNUSED_FUNCTION = YES;
				GCC_WARN_UNUSED_VARIABLE = YES;
				IPHONEOS_DEPLOYMENT_TARGET = 16.0;
				MTL_ENABLE_DEBUG_INFO = INCLUDE_SOURCE;
				MTL_FAST_MATH = YES;
				ONLY_ACTIVE_ARCH = YES;
				SDKROOT = iphoneos;
				SWIFT_ACTIVE_COMPILATION_CONDITIONS = DEBUG;
				SWIFT_OPTIMIZATION_LEVEL = "-Onone";
			};
			name = Debug;
		};
		60E1D0AE291F637B0023C361 /* Release */ = {
			isa = XCBuildConfiguration;
			buildSettings = {
				ALWAYS_SEARCH_USER_PATHS = NO;
				CLANG_ANALYZER_NONNULL = YES;
				CLANG_ANALYZER_NUMBER_OBJECT_CONVERSION = YES_AGGRESSIVE;
				CLANG_CXX_LANGUAGE_STANDARD = "gnu++20";
				CLANG_ENABLE_MODULES = YES;
				CLANG_ENABLE_OBJC_ARC = YES;
				CLANG_ENABLE_OBJC_WEAK = YES;
				CLANG_WARN_BLOCK_CAPTURE_AUTORELEASING = YES;
				CLANG_WARN_BOOL_CONVERSION = YES;
				CLANG_WARN_COMMA = YES;
				CLANG_WARN_CONSTANT_CONVERSION = YES;
				CLANG_WARN_DEPRECATED_OBJC_IMPLEMENTATIONS = YES;
				CLANG_WARN_DIRECT_OBJC_ISA_USAGE = YES_ERROR;
				CLANG_WARN_DOCUMENTATION_COMMENTS = YES;
				CLANG_WARN_EMPTY_BODY = YES;
				CLANG_WARN_ENUM_CONVERSION = YES;
				CLANG_WARN_INFINITE_RECURSION = YES;
				CLANG_WARN_INT_CONVERSION = YES;
				CLANG_WARN_NON_LITERAL_NULL_CONVERSION = YES;
				CLANG_WARN_OBJC_IMPLICIT_RETAIN_SELF = YES;
				CLANG_WARN_OBJC_LITERAL_CONVERSION = YES;
				CLANG_WARN_OBJC_ROOT_CLASS = YES_ERROR;
				CLANG_WARN_QUOTED_INCLUDE_IN_FRAMEWORK_HEADER = YES;
				CLANG_WARN_RANGE_LOOP_ANALYSIS = YES;
				CLANG_WARN_STRICT_PROTOTYPES = YES;
				CLANG_WARN_SUSPICIOUS_MOVE = YES;
				CLANG_WARN_UNGUARDED_AVAILABILITY = YES_AGGRESSIVE;
				CLANG_WARN_UNREACHABLE_CODE = YES;
				CLANG_WARN__DUPLICATE_METHOD_MATCH = YES;
				COPY_PHASE_STRIP = NO;
				DEBUG_INFORMATION_FORMAT = "dwarf-with-dsym";
				ENABLE_NS_ASSERTIONS = NO;
				ENABLE_STRICT_OBJC_MSGSEND = YES;
				GCC_C_LANGUAGE_STANDARD = gnu11;
				GCC_NO_COMMON_BLOCKS = YES;
				GCC_WARN_64_TO_32_BIT_CONVERSION = YES;
				GCC_WARN_ABOUT_RETURN_TYPE = YES_ERROR;
				GCC_WARN_UNDECLARED_SELECTOR = YES;
				GCC_WARN_UNINITIALIZED_AUTOS = YES_AGGRESSIVE;
				GCC_WARN_UNUSED_FUNCTION = YES;
				GCC_WARN_UNUSED_VARIABLE = YES;
				IPHONEOS_DEPLOYMENT_TARGET = 16.0;
				MTL_ENABLE_DEBUG_INFO = NO;
				MTL_FAST_MATH = YES;
				SDKROOT = iphoneos;
				SWIFT_COMPILATION_MODE = wholemodule;
				SWIFT_OPTIMIZATION_LEVEL = "-O";
				VALIDATE_PRODUCT = YES;
			};
			name = Release;
		};
		60E1D0B0291F637B0023C361 /* Debug */ = {
			isa = XCBuildConfiguration;
			baseConfigurationReference = 3A3A105C541AA4EB61123D67 /* Pods-Swift FCA Messenger.debug.xcconfig */;
			buildSettings = {
				ASSETCATALOG_COMPILER_APPICON_NAME = AppIcon;
				ASSETCATALOG_COMPILER_GLOBAL_ACCENT_COLOR_NAME = AccentColor;
				CODE_SIGN_STYLE = Automatic;
				CURRENT_PROJECT_VERSION = 1;
				DEVELOPMENT_TEAM = BKLVGTRZ22;
				GENERATE_INFOPLIST_FILE = YES;
				INFOPLIST_FILE = "Swift FCA Messenger/Info.plist";
				INFOPLIST_KEY_UIApplicationSupportsIndirectInputEvents = YES;
				INFOPLIST_KEY_UILaunchStoryboardName = LaunchScreen;
				INFOPLIST_KEY_UIMainStoryboardFile = Main;
				INFOPLIST_KEY_UISupportedInterfaceOrientations = UIInterfaceOrientationPortrait;
				IPHONEOS_DEPLOYMENT_TARGET = 13.0;
				LD_RUNPATH_SEARCH_PATHS = (
					"$(inherited)",
					"@executable_path/Frameworks",
				);
				MARKETING_VERSION = 1.0;
				PRODUCT_BUNDLE_IDENTIFIER = "me.andika.Swift-FCA-Messenger";
				PRODUCT_NAME = "$(TARGET_NAME)";
				SWIFT_EMIT_LOC_STRINGS = YES;
				SWIFT_VERSION = 5.0;
				TARGETED_DEVICE_FAMILY = "1,2";
			};
			name = Debug;
		};
		60E1D0B1291F637B0023C361 /* Release */ = {
			isa = XCBuildConfiguration;
			baseConfigurationReference = 2A176AC5F37A58CBC4BC3145 /* Pods-Swift FCA Messenger.release.xcconfig */;
			buildSettings = {
				ASSETCATALOG_COMPILER_APPICON_NAME = AppIcon;
				ASSETCATALOG_COMPILER_GLOBAL_ACCENT_COLOR_NAME = AccentColor;
				CODE_SIGN_STYLE = Automatic;
				CURRENT_PROJECT_VERSION = 1;
				DEVELOPMENT_TEAM = BKLVGTRZ22;
				GENERATE_INFOPLIST_FILE = YES;
				INFOPLIST_FILE = "Swift FCA Messenger/Info.plist";
				INFOPLIST_KEY_UIApplicationSupportsIndirectInputEvents = YES;
				INFOPLIST_KEY_UILaunchStoryboardName = LaunchScreen;
				INFOPLIST_KEY_UIMainStoryboardFile = Main;
				INFOPLIST_KEY_UISupportedInterfaceOrientations = UIInterfaceOrientationPortrait;
				IPHONEOS_DEPLOYMENT_TARGET = 13.0;
				LD_RUNPATH_SEARCH_PATHS = (
					"$(inherited)",
					"@executable_path/Frameworks",
				);
				MARKETING_VERSION = 1.0;
				PRODUCT_BUNDLE_IDENTIFIER = "me.andika.Swift-FCA-Messenger";
				PRODUCT_NAME = "$(TARGET_NAME)";
				SWIFT_EMIT_LOC_STRINGS = YES;
				SWIFT_VERSION = 5.0;
				TARGETED_DEVICE_FAMILY = "1,2";
			};
			name = Release;
		};
/* End XCBuildConfiguration section */

/* Begin XCConfigurationList section */
		60E1D096291F63790023C361 /* Build configuration list for PBXProject "Swift FCA Messenger" */ = {
			isa = XCConfigurationList;
			buildConfigurations = (
				60E1D0AD291F637B0023C361 /* Debug */,
				60E1D0AE291F637B0023C361 /* Release */,
			);
			defaultConfigurationIsVisible = 0;
			defaultConfigurationName = Release;
		};
		60E1D0AF291F637B0023C361 /* Build configuration list for PBXNativeTarget "Swift FCA Messenger" */ = {
			isa = XCConfigurationList;
			buildConfigurations = (
				60E1D0B0291F637B0023C361 /* Debug */,
				60E1D0B1291F637B0023C361 /* Release */,
			);
			defaultConfigurationIsVisible = 0;
			defaultConfigurationName = Release;
		};
/* End XCConfigurationList section */
	};
	rootObject = 60E1D093291F63790023C361 /* Project object */;
}
