// !$*UTF8*$!
{
	archiveVersion = 1;
	classes = {
	};
	objectVersion = 56;
	objects = {

/* Begin PBXBuildFile section */
		600ADA22291BF32F00155D50 /* ChatLogView.swift in Sources */ = {isa = PBXBuildFile; fileRef = 600ADA21291BF32F00155D50 /* ChatLogView.swift */; };
		6034B8F9291A52100037E73F /* LBTASwiftFirebaseChatApp.swift in Sources */ = {isa = PBXBuildFile; fileRef = 6034B8F8291A52100037E73F /* LBTASwiftFirebaseChatApp.swift */; };
		6034B8FB291A52100037E73F /* LoginView.swift in Sources */ = {isa = PBXBuildFile; fileRef = 6034B8FA291A52100037E73F /* LoginView.swift */; };
		6034B8FD291A52130037E73F /* Assets.xcassets in Resources */ = {isa = PBXBuildFile; fileRef = 6034B8FC291A52130037E73F /* Assets.xcassets */; };
		6034B900291A52130037E73F /* Preview Assets.xcassets in Resources */ = {isa = PBXBuildFile; fileRef = 6034B8FF291A52130037E73F /* Preview Assets.xcassets */; };
		6034B90C291A8B200037E73F /* GoogleService-Info.plist in Resources */ = {isa = PBXBuildFile; fileRef = 6034B90B291A8B200037E73F /* GoogleService-Info.plist */; };
		6034B910291AA4EE0037E73F /* ImagePicker.swift in Sources */ = {isa = PBXBuildFile; fileRef = 6034B90F291AA4EE0037E73F /* ImagePicker.swift */; };
		60BA9E4D291B50AA00A1B71E /* FirebaseAuth in Frameworks */ = {isa = PBXBuildFile; productRef = 60BA9E4C291B50AA00A1B71E /* FirebaseAuth */; };
		60BA9E4F291B50AA00A1B71E /* FirebaseFirestore in Frameworks */ = {isa = PBXBuildFile; productRef = 60BA9E4E291B50AA00A1B71E /* FirebaseFirestore */; };
		60BA9E51291B50AA00A1B71E /* FirebaseStorage in Frameworks */ = {isa = PBXBuildFile; productRef = 60BA9E50291B50AA00A1B71E /* FirebaseStorage */; };
		60BA9E55291B5EB200A1B71E /* MainMessagesView.swift in Sources */ = {isa = PBXBuildFile; fileRef = 60BA9E54291B5EB200A1B71E /* MainMessagesView.swift */; };
		60BA9E58291B7E4000A1B71E /* FirebaseManager.swift in Sources */ = {isa = PBXBuildFile; fileRef = 60BA9E57291B7E4000A1B71E /* FirebaseManager.swift */; };
		60BA9E5B291B854200A1B71E /* SDWebImageSwiftUI in Frameworks */ = {isa = PBXBuildFile; productRef = 60BA9E5A291B854200A1B71E /* SDWebImageSwiftUI */; };
		60BA9E5E291BA61F00A1B71E /* ChatUser.swift in Sources */ = {isa = PBXBuildFile; fileRef = 60BA9E5D291BA61E00A1B71E /* ChatUser.swift */; };
		60BA9E61291BA94D00A1B71E /* CreateNewMessageView.swift in Sources */ = {isa = PBXBuildFile; fileRef = 60BA9E60291BA94D00A1B71E /* CreateNewMessageView.swift */; };
/* End PBXBuildFile section */

/* Begin PBXFileReference section */
		600ADA21291BF32F00155D50 /* ChatLogView.swift */ = {isa = PBXFileReference; lastKnownFileType = sourcecode.swift; path = ChatLogView.swift; sourceTree = "<group>"; };
		6034B8F5291A52100037E73F /* LBTASwiftFirebaseChat.app */ = {isa = PBXFileReference; explicitFileType = wrapper.application; includeInIndex = 0; path = LBTASwiftFirebaseChat.app; sourceTree = BUILT_PRODUCTS_DIR; };
		6034B8F8291A52100037E73F /* LBTASwiftFirebaseChatApp.swift */ = {isa = PBXFileReference; lastKnownFileType = sourcecode.swift; path = LBTASwiftFirebaseChatApp.swift; sourceTree = "<group>"; };
		6034B8FA291A52100037E73F /* LoginView.swift */ = {isa = PBXFileReference; lastKnownFileType = sourcecode.swift; path = LoginView.swift; sourceTree = "<group>"; };
		6034B8FC291A52130037E73F /* Assets.xcassets */ = {isa = PBXFileReference; lastKnownFileType = folder.assetcatalog; path = Assets.xcassets; sourceTree = "<group>"; };
		6034B8FF291A52130037E73F /* Preview Assets.xcassets */ = {isa = PBXFileReference; lastKnownFileType = folder.assetcatalog; path = "Preview Assets.xcassets"; sourceTree = "<group>"; };
		6034B90B291A8B200037E73F /* GoogleService-Info.plist */ = {isa = PBXFileReference; fileEncoding = 4; lastKnownFileType = text.plist.xml; path = "GoogleService-Info.plist"; sourceTree = "<group>"; };
		6034B90F291AA4EE0037E73F /* ImagePicker.swift */ = {isa = PBXFileReference; lastKnownFileType = sourcecode.swift; path = ImagePicker.swift; sourceTree = "<group>"; };
		60BA9E54291B5EB200A1B71E /* MainMessagesView.swift */ = {isa = PBXFileReference; lastKnownFileType = sourcecode.swift; path = MainMessagesView.swift; sourceTree = "<group>"; };
		60BA9E57291B7E4000A1B71E /* FirebaseManager.swift */ = {isa = PBXFileReference; lastKnownFileType = sourcecode.swift; path = FirebaseManager.swift; sourceTree = "<group>"; };
		60BA9E5D291BA61E00A1B71E /* ChatUser.swift */ = {isa = PBXFileReference; lastKnownFileType = sourcecode.swift; path = ChatUser.swift; sourceTree = "<group>"; };
		60BA9E60291BA94D00A1B71E /* CreateNewMessageView.swift */ = {isa = PBXFileReference; lastKnownFileType = sourcecode.swift; path = CreateNewMessageView.swift; sourceTree = "<group>"; };
/* End PBXFileReference section */

/* Begin PBXFrameworksBuildPhase section */
		6034B8F2291A52100037E73F /* Frameworks */ = {
			isa = PBXFrameworksBuildPhase;
			buildActionMask = 2147483647;
			files = (
				60BA9E5B291B854200A1B71E /* SDWebImageSwiftUI in Frameworks */,
				60BA9E4D291B50AA00A1B71E /* FirebaseAuth in Frameworks */,
				60BA9E4F291B50AA00A1B71E /* FirebaseFirestore in Frameworks */,
				60BA9E51291B50AA00A1B71E /* FirebaseStorage in Frameworks */,
			);
			runOnlyForDeploymentPostprocessing = 0;
		};
/* End PBXFrameworksBuildPhase section */

/* Begin PBXGroup section */
		600ADA20291BF31800155D50 /* Chat */ = {
			isa = PBXGroup;
			children = (
				600ADA21291BF32F00155D50 /* ChatLogView.swift */,
			);
			path = Chat;
			sourceTree = "<group>";
		};
		6034B8EC291A52100037E73F = {
			isa = PBXGroup;
			children = (
				6034B8F7291A52100037E73F /* LBTASwiftFirebaseChat */,
				6034B8F6291A52100037E73F /* Products */,
			);
			sourceTree = "<group>";
		};
		6034B8F6291A52100037E73F /* Products */ = {
			isa = PBXGroup;
			children = (
				6034B8F5291A52100037E73F /* LBTASwiftFirebaseChat.app */,
			);
			name = Products;
			sourceTree = "<group>";
		};
		6034B8F7291A52100037E73F /* LBTASwiftFirebaseChat */ = {
			isa = PBXGroup;
			children = (
				60BA9E5C291BA60800A1B71E /* Model */,
				60BA9E56291B7E0600A1B71E /* Utils */,
				60BA9E52291B5E8500A1B71E /* NewMessages */,
				6034B90B291A8B200037E73F /* GoogleService-Info.plist */,
				6034B8F8291A52100037E73F /* LBTASwiftFirebaseChatApp.swift */,
				6034B8FA291A52100037E73F /* LoginView.swift */,
				6034B8FC291A52130037E73F /* Assets.xcassets */,
				6034B90F291AA4EE0037E73F /* ImagePicker.swift */,
				6034B8FE291A52130037E73F /* Preview Content */,
			);
			path = LBTASwiftFirebaseChat;
			sourceTree = "<group>";
		};
		6034B8FE291A52130037E73F /* Preview Content */ = {
			isa = PBXGroup;
			children = (
				6034B8FF291A52130037E73F /* Preview Assets.xcassets */,
			);
			path = "Preview Content";
			sourceTree = "<group>";
		};
		60BA9E52291B5E8500A1B71E /* NewMessages */ = {
			isa = PBXGroup;
			children = (
				600ADA20291BF31800155D50 /* Chat */,
				60BA9E5F291BA90500A1B71E /* NewMessage */,
				60BA9E54291B5EB200A1B71E /* MainMessagesView.swift */,
			);
			path = NewMessages;
			sourceTree = "<group>";
		};
		60BA9E56291B7E0600A1B71E /* Utils */ = {
			isa = PBXGroup;
			children = (
				60BA9E57291B7E4000A1B71E /* FirebaseManager.swift */,
			);
			path = Utils;
			sourceTree = "<group>";
		};
		60BA9E5C291BA60800A1B71E /* Model */ = {
			isa = PBXGroup;
			children = (
				60BA9E5D291BA61E00A1B71E /* ChatUser.swift */,
			);
			path = Model;
			sourceTree = "<group>";
		};
		60BA9E5F291BA90500A1B71E /* NewMessage */ = {
			isa = PBXGroup;
			children = (
				60BA9E60291BA94D00A1B71E /* CreateNewMessageView.swift */,
			);
			path = NewMessage;
			sourceTree = "<group>";
		};
/* End PBXGroup section */

/* Begin PBXNativeTarget section */
		6034B8F4291A52100037E73F /* LBTASwiftFirebaseChat */ = {
			isa = PBXNativeTarget;
			buildConfigurationList = 6034B903291A52130037E73F /* Build configuration list for PBXNativeTarget "LBTASwiftFirebaseChat" */;
			buildPhases = (
				6034B8F1291A52100037E73F /* Sources */,
				6034B8F2291A52100037E73F /* Frameworks */,
				6034B8F3291A52100037E73F /* Resources */,
			);
			buildRules = (
			);
			dependencies = (
			);
			name = LBTASwiftFirebaseChat;
			packageProductDependencies = (
				60BA9E4C291B50AA00A1B71E /* FirebaseAuth */,
				60BA9E4E291B50AA00A1B71E /* FirebaseFirestore */,
				60BA9E50291B50AA00A1B71E /* FirebaseStorage */,
				60BA9E5A291B854200A1B71E /* SDWebImageSwiftUI */,
			);
			productName = LBTASwiftFirebaseChat;
			productReference = 6034B8F5291A52100037E73F /* LBTASwiftFirebaseChat.app */;
			productType = "com.apple.product-type.application";
		};
/* End PBXNativeTarget section */

/* Begin PBXProject section */
		6034B8ED291A52100037E73F /* Project object */ = {
			isa = PBXProject;
			attributes = {
				BuildIndependentTargetsInParallel = 1;
				LastSwiftUpdateCheck = 1400;
				LastUpgradeCheck = 1400;
				TargetAttributes = {
					6034B8F4291A52100037E73F = {
						CreatedOnToolsVersion = 14.0.1;
					};
				};
			};
			buildConfigurationList = 6034B8F0291A52100037E73F /* Build configuration list for PBXProject "LBTASwiftFirebaseChat" */;
			compatibilityVersion = "Xcode 14.0";
			developmentRegion = en;
			hasScannedForEncodings = 0;
			knownRegions = (
				en,
				Base,
			);
			mainGroup = 6034B8EC291A52100037E73F;
			packageReferences = (
				60BA9E4B291B50AA00A1B71E /* XCRemoteSwiftPackageReference "firebase-ios-sdk" */,
				60BA9E59291B854200A1B71E /* XCRemoteSwiftPackageReference "SDWebImageSwiftUI" */,
			);
			productRefGroup = 6034B8F6291A52100037E73F /* Products */;
			projectDirPath = "";
			projectRoot = "";
			targets = (
				6034B8F4291A52100037E73F /* LBTASwiftFirebaseChat */,
			);
		};
/* End PBXProject section */

/* Begin PBXResourcesBuildPhase section */
		6034B8F3291A52100037E73F /* Resources */ = {
			isa = PBXResourcesBuildPhase;
			buildActionMask = 2147483647;
			files = (
				6034B900291A52130037E73F /* Preview Assets.xcassets in Resources */,
				6034B8FD291A52130037E73F /* Assets.xcassets in Resources */,
				6034B90C291A8B200037E73F /* GoogleService-Info.plist in Resources */,
			);
			runOnlyForDeploymentPostprocessing = 0;
		};
/* End PBXResourcesBuildPhase section */

/* Begin PBXSourcesBuildPhase section */
		6034B8F1291A52100037E73F /* Sources */ = {
			isa = PBXSourcesBuildPhase;
			buildActionMask = 2147483647;
			files = (
				60BA9E5E291BA61F00A1B71E /* ChatUser.swift in Sources */,
				600ADA22291BF32F00155D50 /* ChatLogView.swift in Sources */,
				6034B910291AA4EE0037E73F /* ImagePicker.swift in Sources */,
				60BA9E55291B5EB200A1B71E /* MainMessagesView.swift in Sources */,
				60BA9E58291B7E4000A1B71E /* FirebaseManager.swift in Sources */,
				60BA9E61291BA94D00A1B71E /* CreateNewMessageView.swift in Sources */,
				6034B8FB291A52100037E73F /* LoginView.swift in Sources */,
				6034B8F9291A52100037E73F /* LBTASwiftFirebaseChatApp.swift in Sources */,
			);
			runOnlyForDeploymentPostprocessing = 0;
		};
/* End PBXSourcesBuildPhase section */

/* Begin XCBuildConfiguration section */
		6034B901291A52130037E73F /* Debug */ = {
			isa = XCBuildConfiguration;
			buildSettings = {
				ALWAYS_SEARCH_USER_PATHS = NO;
				CLANG_ANALYZER_NONNULL = YES;
				CLANG_ANALYZER_NUMBER_OBJECT_CONVERSION = YES_AGGRESSIVE;
				CLANG_CXX_LANGUAGE_STANDARD = "gnu++20";
				CLANG_ENABLE_MODULES = YES;
				CLANG_ENABLE_OBJC_ARC = YES;
				CLANG_ENABLE_OBJC_WEAK = YES;
				CLANG_WARN_BLOCK_CAPTURE_AUTORELEASING = YES;
				CLANG_WARN_BOOL_CONVERSION = YES;
				CLANG_WARN_COMMA = YES;
				CLANG_WARN_CONSTANT_CONVERSION = YES;
				CLANG_WARN_DEPRECATED_OBJC_IMPLEMENTATIONS = YES;
				CLANG_WARN_DIRECT_OBJC_ISA_USAGE = YES_ERROR;
				CLANG_WARN_DOCUMENTATION_COMMENTS = YES;
				CLANG_WARN_EMPTY_BODY = YES;
				CLANG_WARN_ENUM_CONVERSION = YES;
				CLANG_WARN_INFINITE_RECURSION = YES;
				CLANG_WARN_INT_CONVERSION = YES;
				CLANG_WARN_NON_LITERAL_NULL_CONVERSION = YES;
				CLANG_WARN_OBJC_IMPLICIT_RETAIN_SELF = YES;
				CLANG_WARN_OBJC_LITERAL_CONVERSION = YES;
				CLANG_WARN_OBJC_ROOT_CLASS = YES_ERROR;
				CLANG_WARN_QUOTED_INCLUDE_IN_FRAMEWORK_HEADER = YES;
				CLANG_WARN_RANGE_LOOP_ANALYSIS = YES;
				CLANG_WARN_STRICT_PROTOTYPES = YES;
				CLANG_WARN_SUSPICIOUS_MOVE = YES;
				CLANG_WARN_UNGUARDED_AVAILABILITY = YES_AGGRESSIVE;
				CLANG_WARN_UNREACHABLE_CODE = YES;
				CLANG_WARN__DUPLICATE_METHOD_MATCH = YES;
				COPY_PHASE_STRIP = NO;
				DEBUG_INFORMATION_FORMAT = dwarf;
				ENABLE_STRICT_OBJC_MSGSEND = YES;
				ENABLE_TESTABILITY = YES;
				GCC_C_LANGUAGE_STANDARD = gnu11;
				GCC_DYNAMIC_NO_PIC = NO;
				GCC_NO_COMMON_BLOCKS = YES;
				GCC_OPTIMIZATION_LEVEL = 0;
				GCC_PREPROCESSOR_DEFINITIONS = (
					"DEBUG=1",
					"$(inherited)",
				);
				GCC_WARN_64_TO_32_BIT_CONVERSION = YES;
				GCC_WARN_ABOUT_RETURN_TYPE = YES_ERROR;
				GCC_WARN_UNDECLARED_SELECTOR = YES;
				GCC_WARN_UNINITIALIZED_AUTOS = YES_AGGRESSIVE;
				GCC_WARN_UNUSED_FUNCTION = YES;
				GCC_WARN_UNUSED_VARIABLE = YES;
				IPHONEOS_DEPLOYMENT_TARGET = 16.0;
				MTL_ENABLE_DEBUG_INFO = INCLUDE_SOURCE;
				MTL_FAST_MATH = YES;
				ONLY_ACTIVE_ARCH = YES;
				SDKROOT = iphoneos;
				SWIFT_ACTIVE_COMPILATION_CONDITIONS = DEBUG;
				SWIFT_OPTIMIZATION_LEVEL = "-Onone";
			};
			name = Debug;
		};
		6034B902291A52130037E73F /* Release */ = {
			isa = XCBuildConfiguration;
			buildSettings = {
				ALWAYS_SEARCH_USER_PATHS = NO;
				CLANG_ANALYZER_NONNULL = YES;
				CLANG_ANALYZER_NUMBER_OBJECT_CONVERSION = YES_AGGRESSIVE;
				CLANG_CXX_LANGUAGE_STANDARD = "gnu++20";
				CLANG_ENABLE_MODULES = YES;
				CLANG_ENABLE_OBJC_ARC = YES;
				CLANG_ENABLE_OBJC_WEAK = YES;
				CLANG_WARN_BLOCK_CAPTURE_AUTORELEASING = YES;
				CLANG_WARN_BOOL_CONVERSION = YES;
				CLANG_WARN_COMMA = YES;
				CLANG_WARN_CONSTANT_CONVERSION = YES;
				CLANG_WARN_DEPRECATED_OBJC_IMPLEMENTATIONS = YES;
				CLANG_WARN_DIRECT_OBJC_ISA_USAGE = YES_ERROR;
				CLANG_WARN_DOCUMENTATION_COMMENTS = YES;
				CLANG_WARN_EMPTY_BODY = YES;
				CLANG_WARN_ENUM_CONVERSION = YES;
				CLANG_WARN_INFINITE_RECURSION = YES;
				CLANG_WARN_INT_CONVERSION = YES;
				CLANG_WARN_NON_LITERAL_NULL_CONVERSION = YES;
				CLANG_WARN_OBJC_IMPLICIT_RETAIN_SELF = YES;
				CLANG_WARN_OBJC_LITERAL_CONVERSION = YES;
				CLANG_WARN_OBJC_ROOT_CLASS = YES_ERROR;
				CLANG_WARN_QUOTED_INCLUDE_IN_FRAMEWORK_HEADER = YES;
				CLANG_WARN_RANGE_LOOP_ANALYSIS = YES;
				CLANG_WARN_STRICT_PROTOTYPES = YES;
				CLANG_WARN_SUSPICIOUS_MOVE = YES;
				CLANG_WARN_UNGUARDED_AVAILABILITY = YES_AGGRESSIVE;
				CLANG_WARN_UNREACHABLE_CODE = YES;
				CLANG_WARN__DUPLICATE_METHOD_MATCH = YES;
				COPY_PHASE_STRIP = NO;
				DEBUG_INFORMATION_FORMAT = "dwarf-with-dsym";
				ENABLE_NS_ASSERTIONS = NO;
				ENABLE_STRICT_OBJC_MSGSEND = YES;
				GCC_C_LANGUAGE_STANDARD = gnu11;
				GCC_NO_COMMON_BLOCKS = YES;
				GCC_WARN_64_TO_32_BIT_CONVERSION = YES;
				GCC_WARN_ABOUT_RETURN_TYPE = YES_ERROR;
				GCC_WARN_UNDECLARED_SELECTOR = YES;
				GCC_WARN_UNINITIALIZED_AUTOS = YES_AGGRESSIVE;
				GCC_WARN_UNUSED_FUNCTION = YES;
				GCC_WARN_UNUSED_VARIABLE = YES;
				IPHONEOS_DEPLOYMENT_TARGET = 16.0;
				MTL_ENABLE_DEBUG_INFO = NO;
				MTL_FAST_MATH = YES;
				SDKROOT = iphoneos;
				SWIFT_COMPILATION_MODE = wholemodule;
				SWIFT_OPTIMIZATION_LEVEL = "-O";
				VALIDATE_PRODUCT = YES;
			};
			name = Release;
		};
		6034B904291A52130037E73F /* Debug */ = {
			isa = XCBuildConfiguration;
			buildSettings = {
				ASSETCATALOG_COMPILER_APPICON_NAME = AppIcon;
				ASSETCATALOG_COMPILER_GLOBAL_ACCENT_COLOR_NAME = AccentColor;
				CODE_SIGN_STYLE = Automatic;
				CURRENT_PROJECT_VERSION = 1;
				DEVELOPMENT_ASSET_PATHS = "\"LBTASwiftFirebaseChat/Preview Content\"";
				DEVELOPMENT_TEAM = BKLVGTRZ22;
				ENABLE_PREVIEWS = YES;
				GENERATE_INFOPLIST_FILE = YES;
				INFOPLIST_KEY_UIApplicationSceneManifest_Generation = YES;
				INFOPLIST_KEY_UIApplicationSupportsIndirectInputEvents = YES;
				INFOPLIST_KEY_UILaunchScreen_Generation = YES;
				INFOPLIST_KEY_UISupportedInterfaceOrientations_iPad = "UIInterfaceOrientationPortrait UIInterfaceOrientationPortraitUpsideDown UIInterfaceOrientationLandscapeLeft UIInterfaceOrientationLandscapeRight";
				INFOPLIST_KEY_UISupportedInterfaceOrientations_iPhone = "UIInterfaceOrientationPortrait UIInterfaceOrientationLandscapeLeft UIInterfaceOrientationLandscapeRight";
				IPHONEOS_DEPLOYMENT_TARGET = 15.0;
				LD_RUNPATH_SEARCH_PATHS = (
					"$(inherited)",
					"@executable_path/Frameworks",
				);
				MARKETING_VERSION = 1.0;
				PRODUCT_BUNDLE_IDENTIFIER = me.andika.ios.LBTASwiftFirebaseChat;
				PRODUCT_NAME = "$(TARGET_NAME)";
				SWIFT_EMIT_LOC_STRINGS = YES;
				SWIFT_VERSION = 5.0;
				TARGETED_DEVICE_FAMILY = "1,2";
			};
			name = Debug;
		};
		6034B905291A52130037E73F /* Release */ = {
			isa = XCBuildConfiguration;
			buildSettings = {
				ASSETCATALOG_COMPILER_APPICON_NAME = AppIcon;
				ASSETCATALOG_COMPILER_GLOBAL_ACCENT_COLOR_NAME = AccentColor;
				CODE_SIGN_STYLE = Automatic;
				CURRENT_PROJECT_VERSION = 1;
				DEVELOPMENT_ASSET_PATHS = "\"LBTASwiftFirebaseChat/Preview Content\"";
				DEVELOPMENT_TEAM = BKLVGTRZ22;
				ENABLE_PREVIEWS = YES;
				GENERATE_INFOPLIST_FILE = YES;
				INFOPLIST_KEY_UIApplicationSceneManifest_Generation = YES;
				INFOPLIST_KEY_UIApplicationSupportsIndirectInputEvents = YES;
				INFOPLIST_KEY_UILaunchScreen_Generation = YES;
				INFOPLIST_KEY_UISupportedInterfaceOrientations_iPad = "UIInterfaceOrientationPortrait UIInterfaceOrientationPortraitUpsideDown UIInterfaceOrientationLandscapeLeft UIInterfaceOrientationLandscapeRight";
				INFOPLIST_KEY_UISupportedInterfaceOrientations_iPhone = "UIInterfaceOrientationPortrait UIInterfaceOrientationLandscapeLeft UIInterfaceOrientationLandscapeRight";
				IPHONEOS_DEPLOYMENT_TARGET = 15.0;
				LD_RUNPATH_SEARCH_PATHS = (
					"$(inherited)",
					"@executable_path/Frameworks",
				);
				MARKETING_VERSION = 1.0;
				PRODUCT_BUNDLE_IDENTIFIER = me.andika.ios.LBTASwiftFirebaseChat;
				PRODUCT_NAME = "$(TARGET_NAME)";
				SWIFT_EMIT_LOC_STRINGS = YES;
				SWIFT_VERSION = 5.0;
				TARGETED_DEVICE_FAMILY = "1,2";
			};
			name = Release;
		};
/* End XCBuildConfiguration section */

/* Begin XCConfigurationList section */
		6034B8F0291A52100037E73F /* Build configuration list for PBXProject "LBTASwiftFirebaseChat" */ = {
			isa = XCConfigurationList;
			buildConfigurations = (
				6034B901291A52130037E73F /* Debug */,
				6034B902291A52130037E73F /* Release */,
			);
			defaultConfigurationIsVisible = 0;
			defaultConfigurationName = Release;
		};
		6034B903291A52130037E73F /* Build configuration list for PBXNativeTarget "LBTASwiftFirebaseChat" */ = {
			isa = XCConfigurationList;
			buildConfigurations = (
				6034B904291A52130037E73F /* Debug */,
				6034B905291A52130037E73F /* Release */,
			);
			defaultConfigurationIsVisible = 0;
			defaultConfigurationName = Release;
		};
/* End XCConfigurationList section */

/* Begin XCRemoteSwiftPackageReference section */
		60BA9E4B291B50AA00A1B71E /* XCRemoteSwiftPackageReference "firebase-ios-sdk" */ = {
			isa = XCRemoteSwiftPackageReference;
			repositoryURL = "https://github.com/firebase/firebase-ios-sdk";
			requirement = {
				kind = upToNextMajorVersion;
				minimumVersion = 9.0.0;
			};
		};
		60BA9E59291B854200A1B71E /* XCRemoteSwiftPackageReference "SDWebImageSwiftUI" */ = {
			isa = XCRemoteSwiftPackageReference;
			repositoryURL = "https://github.com/SDWebImage/SDWebImageSwiftUI.git";
			requirement = {
				kind = upToNextMajorVersion;
				minimumVersion = 2.0.0;
			};
		};
/* End XCRemoteSwiftPackageReference section */

/* Begin XCSwiftPackageProductDependency section */
		60BA9E4C291B50AA00A1B71E /* FirebaseAuth */ = {
			isa = XCSwiftPackageProductDependency;
			package = 60BA9E4B291B50AA00A1B71E /* XCRemoteSwiftPackageReference "firebase-ios-sdk" */;
			productName = FirebaseAuth;
		};
		60BA9E4E291B50AA00A1B71E /* FirebaseFirestore */ = {
			isa = XCSwiftPackageProductDependency;
			package = 60BA9E4B291B50AA00A1B71E /* XCRemoteSwiftPackageReference "firebase-ios-sdk" */;
			productName = FirebaseFirestore;
		};
		60BA9E50291B50AA00A1B71E /* FirebaseStorage */ = {
			isa = XCSwiftPackageProductDependency;
			package = 60BA9E4B291B50AA00A1B71E /* XCRemoteSwiftPackageReference "firebase-ios-sdk" */;
			productName = FirebaseStorage;
		};
		60BA9E5A291B854200A1B71E /* SDWebImageSwiftUI */ = {
			isa = XCSwiftPackageProductDependency;
			package = 60BA9E59291B854200A1B71E /* XCRemoteSwiftPackageReference "SDWebImageSwiftUI" */;
			productName = SDWebImageSwiftUI;
		};
/* End XCSwiftPackageProductDependency section */
	};
	rootObject = 6034B8ED291A52100037E73F /* Project object */;
}
